
Microsoft Visual Studio Solution File, Format Version 12.00
# Visual Studio Version 17
VisualStudioVersion = 17.9.34728.123
MinimumVisualStudioVersion = 10.0.40219.1
Project("{9A19103F-16F7-4668-BE54-9A1E7A4F7556}") = "VBACodeAnalysis", "VBACodeAnalysis\VBACodeAnalysis.csproj", "{B15C259B-C7E0-411D-9989-6925FBCF9F78}"
EndProject
Project("{9A19103F-16F7-4668-BE54-9A1E7A4F7556}") = "VBALanguageServer", "VBALanguageServer\VBALanguageServer.csproj", "{4D6B6D4C-1CA3-4708-82D6-B9CC08515406}"
EndProject
Project("{9A19103F-16F7-4668-BE54-9A1E7A4F7556}") = "TestProject", "TestProject\TestProject.csproj", "{F676FAD5-0C17-4468-9B28-D87E5E00889A}"
EndProject
Project("{FAE04EC0-301F-11D3-BF4B-00C04F79EFBC}") = "VBADocumentSymbol", "VBADocumentSymbol\VBADocumentSymbol.csproj", "{9B0776B2-B3D6-9585-61B1-5E8F3EC30F94}"
EndProject
Project("{FAE04EC0-301F-11D3-BF4B-00C04F79EFBC}") = "VBARewrite", "VBARewrite\VBARewrite.csproj", "{0DBEDA66-2F8B-94B0-A097-97F0448F6142}"
EndProject
Global
	GlobalSection(SolutionConfigurationPlatforms) = preSolution
		Debug|Any CPU = Debug|Any CPU
		Release|Any CPU = Release|Any CPU
	EndGlobalSection
	GlobalSection(ProjectConfigurationPlatforms) = postSolution
		{B15C259B-C7E0-411D-9989-6925FBCF9F78}.Debug|Any CPU.ActiveCfg = Debug|Any CPU
		{B15C259B-C7E0-411D-9989-6925FBCF9F78}.Debug|Any CPU.Build.0 = Debug|Any CPU
		{B15C259B-C7E0-411D-9989-6925FBCF9F78}.Release|Any CPU.ActiveCfg = Release|Any CPU
		{B15C259B-C7E0-411D-9989-6925FBCF9F78}.Release|Any CPU.Build.0 = Release|Any CPU
		{4D6B6D4C-1CA3-4708-82D6-B9CC08515406}.Debug|Any CPU.ActiveCfg = Debug|Any CPU
		{4D6B6D4C-1CA3-4708-82D6-B9CC08515406}.Debug|Any CPU.Build.0 = Debug|Any CPU
		{4D6B6D4C-1CA3-4708-82D6-B9CC08515406}.Release|Any CPU.ActiveCfg = Release|Any CPU
		{4D6B6D4C-1CA3-4708-82D6-B9CC08515406}.Release|Any CPU.Build.0 = Release|Any CPU
		{F676FAD5-0C17-4468-9B28-D87E5E00889A}.Debug|Any CPU.ActiveCfg = Debug|Any CPU
		{F676FAD5-0C17-4468-9B28-D87E5E00889A}.Debug|Any CPU.Build.0 = Debug|Any CPU
		{F676FAD5-0C17-4468-9B28-D87E5E00889A}.Release|Any CPU.ActiveCfg = Release|Any CPU
		{F676FAD5-0C17-4468-9B28-D87E5E00889A}.Release|Any CPU.Build.0 = Release|Any CPU
		{9B0776B2-B3D6-9585-61B1-5E8F3EC30F94}.Debug|Any CPU.ActiveCfg = Debug|Any CPU
		{9B0776B2-B3D6-9585-61B1-5E8F3EC30F94}.Debug|Any CPU.Build.0 = Debug|Any CPU
		{9B0776B2-B3D6-9585-61B1-5E8F3EC30F94}.Release|Any CPU.ActiveCfg = Release|Any CPU
		{9B0776B2-B3D6-9585-61B1-5E8F3EC30F94}.Release|Any CPU.Build.0 = Release|Any CPU
		{0DBEDA66-2F8B-94B0-A097-97F0448F6142}.Debug|Any CPU.ActiveCfg = Debug|Any CPU
		{0DBEDA66-2F8B-94B0-A097-97F0448F6142}.Debug|Any CPU.Build.0 = Debug|Any CPU
		{0DBEDA66-2F8B-94B0-A097-97F0448F6142}.Release|Any CPU.ActiveCfg = Release|Any CPU
		{0DBEDA66-2F8B-94B0-A097-97F0448F6142}.Release|Any CPU.Build.0 = Release|Any CPU
	EndGlobalSection
	GlobalSection(SolutionProperties) = preSolution
		HideSolutionNode = FALSE
	EndGlobalSection
	GlobalSection(ExtensibilityGlobals) = postSolution
		SolutionGuid = {EE46132C-DFA6-4245-B8FD-014DDA1077F6}
	EndGlobalSection
EndGlobal
